
Microsoft Visual Studio Solution File, Format Version 12.00
# Visual Studio Version 16
VisualStudioVersion = 16.0.29709.97
MinimumVisualStudioVersion = 10.0.40219.1
Project("{FAE04EC0-301F-11D3-BF4B-00C04F79EFBC}") = "EserciziLinq", "EserciziLinq\EserciziLinq.csproj", "{7D5AE77E-4178-473F-9410-3C51BEB88C79}"
EndProject
Global
	GlobalSection(SolutionConfigurationPlatforms) = preSolution
		Debug|Any CPU = Debug|Any CPU
		Release|Any CPU = Release|Any CPU
	EndGlobalSection
	GlobalSection(ProjectConfigurationPlatforms) = postSolution
		{7D5AE77E-4178-473F-9410-3C51BEB88C79}.Debug|Any CPU.ActiveCfg = Debug|Any CPU
		{7D5AE77E-4178-473F-9410-3C51BEB88C79}.Debug|Any CPU.Build.0 = Debug|Any CPU
		{7D5AE77E-4178-473F-9410-3C51BEB88C79}.Release|Any CPU.ActiveCfg = Release|Any CPU
		{7D5AE77E-4178-473F-9410-3C51BEB88C79}.Release|Any CPU.Build.0 = Release|Any CPU
	EndGlobalSection
	GlobalSection(SolutionProperties) = preSolution
		HideSolutionNode = FALSE
	EndGlobalSection
	GlobalSection(ExtensibilityGlobals) = postSolution
		SolutionGuid = {9DA5811C-A964-4142-845D-FDC338D57525}
	EndGlobalSection
EndGlobal
